hash: 10dbee624fee1de941c4cfde2e1ff3a86902dd352ca70835431b864c037c26a1
updated: 2018-11-20T11:09:54.680906781+06:00
imports:
- name: appscode.com/api
  version: fba2ed5c99e7b2f1cd46368b0152085a5ad09b35
  repo: https://bitbucket.org/appscode/api.git
  subpackages:
  - auth/v1alpha1
  - cloud/v1alpha1
  - dtypes
  - health
  - kubernetes/v1alpha1
  - namespace/v1alpha1
  - operation/v1alpha1
  - version
- name: github.com/appscode/go
  version: a6d58457b39324ead2ffb1f24be7a0a638c9f112
  subpackages:
  - context
  - env
  - ioutil
  - log
  - sets
  - term
- name: github.com/appscode/go-version
  version: 7aba545c679b0f45679eeb406dc662d2c8a04c26
- name: github.com/davecgh/go-spew
  version: 3e6e67c4dcea3ac2f25fd4731abc0e1deaf36216
  subpackages:
  - spew
- name: github.com/fatih/color
  version: 9aae6aaa22315390f03959adca2c4d395b02fcef
- name: github.com/fsnotify/fsnotify
  version: f12c6236fe7b5cf6bcf30e5935d08cb079d78334
- name: github.com/ghodss/yaml
  version: 0ca9ea5df5451ffdf184b4428c902747c2c11cd7
- name: github.com/gogo/protobuf
  version: 7d68e886eac4f7e34d0d82241a6273d6c304c5cf
  subpackages:
  - proto
  - sortkeys
- name: github.com/golang/glog
  version: 44145f04b68cf362d9c4df2182967c2275eaefed
- name: github.com/golang/protobuf
  version: 8ee79997227bf9b34611aee7946ae64735e6fd93
  subpackages:
  - jsonpb
  - proto
  - protoc-gen-go/descriptor
  - ptypes
  - ptypes/any
  - ptypes/duration
  - ptypes/timestamp
- name: github.com/google/gofuzz
  version: 44d81051d367757e1c7c6a5a86423ece9afcf63c
- name: github.com/google/uuid
  version: 8c31c18f31ede9fc8eae72290a7e7a8064e9b3e3
- name: github.com/grpc-ecosystem/grpc-gateway
  version: 222f010658cca4619115dfe10279480c6621001e
  repo: https://github.com/appscode/grpc-gateway.git
  vcs: git
  subpackages:
  - runtime
  - runtime/internal
  - third_party/appscodeapis/appscode/api
  - utilities
- name: github.com/howeyc/gopass
  version: bf9dde6d0d2c004a008c27aaee91170c786f6db8
- name: github.com/json-iterator/go
  version: 1624edc4454b8682399def8740d46db5e4362ba4
- name: github.com/mattn/go-colorable
  version: ed8eb9e318d7a84ce5915b495b7d35e0cfe7b5a8
- name: github.com/mattn/go-isatty
  version: 66b8e73f3f5cda9f96b69efd03dd3d7fc4a5cdb8
- name: github.com/mitchellh/go-homedir
  version: d682a8f0cf139663a984ff12528da460ca963de9
- name: github.com/modern-go/concurrent
  version: bacd9c7ef1dd9b15be4a9909b8ac7a4e313eec94
- name: github.com/modern-go/reflect2
  version: 05fbef0ca5da472bbf96c9322b84a53edc03c9fd
- name: github.com/pharmer/pharmer
  version: 52d3e824440c7e47b7f1430523db2ff02c55fb3d
  subpackages:
  - apis/v1alpha1
- name: github.com/pkg/errors
  version: 645ef00459ed84a119197bfb8d8205042c6df63d
- name: github.com/pmezard/go-difflib
  version: 792786c7400a136282c1664665ae0a8db921c6c2
  subpackages:
  - difflib
- name: github.com/spf13/pflag
  version: 298182f68c66c05229eb03ac171abe6e309ee79a
- name: github.com/xeipuuv/gojsonpointer
  version: e0fe6f68307607d540ed8eac07a342c33fa1b54a
- name: github.com/xeipuuv/gojsonreference
  version: e02fc20de94c78484cd5ffb007f8af96be030a45
- name: github.com/xeipuuv/gojsonschema
  version: 93e72a773fade158921402d6a24c819b48aba29d
- name: golang.org/x/crypto
  version: de0752318171da717af4ce24d0a2e8626afaeb11
  subpackages:
  - ssh/terminal
- name: golang.org/x/net
  version: da118f7b8e5954f39d0d2130ab35d4bf0e3cb344
  subpackages:
  - context
  - http2
  - http2/hpack
  - idna
  - internal/timeseries
  - lex/httplex
  - trace
- name: golang.org/x/oauth2
  version: a6bd8cefa1811bd24b86f8902872e4e8225f74c4
  subpackages:
  - google
  - internal
  - jws
  - jwt
- name: golang.org/x/sys
  version: 95c6576299259db960f6c5b9b69ea52422860fce
  subpackages:
  - unix
  - windows
- name: golang.org/x/text
  version: 470f45bf29f4147d6fbd7dfd0a02a848e49f5bf4
  subpackages:
  - secure/bidirule
  - transform
  - unicode/bidi
  - unicode/norm
- name: golang.org/x/time
  version: f51c12702a4d776e4c1fa9b0fabab841babae631
  subpackages:
  - rate
- name: google.golang.org/appengine
  version: 4f7eeb5305a4ba1966344836ba4af9996b7b4e05
  subpackages:
  - internal
  - internal/base
  - internal/datastore
  - internal/log
  - internal/remote_api
  - internal/urlfetch
  - urlfetch
- name: google.golang.org/genproto
  version: 09f6ed296fc66555a25fe4ce95173148778dfa85
  subpackages:
  - googleapis/api/annotations
  - googleapis/rpc/status
- name: google.golang.org/grpc
  version: 6b51017f791ae1cfbec89c52efdf444b13b550ef
  subpackages:
  - balancer
  - balancer/base
  - balancer/roundrobin
  - codes
  - connectivity
  - credentials
  - encoding
  - grpclb/grpc_lb_v1/messages
  - grpclog
  - internal
  - keepalive
  - metadata
  - naming
  - peer
  - resolver
  - resolver/dns
  - resolver/passthrough
  - stats
  - status
  - tap
  - transport
- name: gopkg.in/inf.v0
  version: 3887ee99ecf07df5b447e9b00d9c0b2adaa9f3e4
- name: gopkg.in/yaml.v2
  version: 670d4cfef0544295bc27a114dbac37980d83185a
- name: k8s.io/api
  version: fd83cbc87e7632ccd8bbab63d2b673d4e0c631cc
  subpackages:
  - core/v1
- name: k8s.io/apiextensions-apiserver
  version: 1748dfb29e8a4432b78514bc88a1b07937a9805a
  subpackages:
  - pkg/features
- name: k8s.io/apimachinery
  version: 00edbc532482e56a75224c794deaa1366dd292cb
  repo: https://github.com/kmodules/apimachinery.git
  vcs: git
  subpackages:
  - pkg/api/errors
  - pkg/api/resource
  - pkg/apis/config
  - pkg/apis/config/v1alpha1
  - pkg/apis/meta/internalversion
  - pkg/apis/meta/v1
  - pkg/apis/meta/v1/unstructured
  - pkg/apis/meta/v1beta1
  - pkg/conversion
  - pkg/conversion/queryparams
  - pkg/fields
  - pkg/labels
  - pkg/runtime
  - pkg/runtime/schema
  - pkg/runtime/serializer
  - pkg/runtime/serializer/json
  - pkg/runtime/serializer/protobuf
  - pkg/runtime/serializer/recognizer
  - pkg/runtime/serializer/streaming
  - pkg/runtime/serializer/versioning
  - pkg/selection
  - pkg/types
  - pkg/util/clock
  - pkg/util/errors
  - pkg/util/framer
  - pkg/util/intstr
  - pkg/util/json
  - pkg/util/naming
  - pkg/util/net
  - pkg/util/runtime
  - pkg/util/sets
  - pkg/util/validation
  - pkg/util/validation/field
  - pkg/util/yaml
  - pkg/version
  - pkg/watch
  - third_party/forked/golang/reflect
- name: k8s.io/apiserver
  version: e85ad7b666fef0476185731329f4cff1536efff8
  subpackages:
  - pkg/features
  - pkg/util/feature
- name: k8s.io/client-go
  version: 1638f8970cefaa404ff3a62950f88b08292b2696
  subpackages:
  - pkg/apis/clientauthentication
  - pkg/apis/clientauthentication/v1alpha1
  - pkg/apis/clientauthentication/v1beta1
  - pkg/version
  - plugin/pkg/client/auth/exec
  - rest
  - rest/watch
  - tools/bootstrap/token/api
  - tools/bootstrap/token/util
  - tools/clientcmd/api
  - tools/metrics
  - transport
  - util/cert
  - util/connrotation
  - util/flowcontrol
  - util/integer
- name: k8s.io/kube-proxy
  version: 7282faaeb68874ae13c031a0bbd951e56a7964f6
  subpackages:
  - config/v1alpha1
- name: k8s.io/kubelet
  version: 63bb2f3a8bebc7916b5a924e41af3316ac9cd01f
  subpackages:
  - config/v1beta1
- name: k8s.io/kubernetes
  version: 0ed33881dc4355495f623c6f22e7dd0b7632b7c0
  subpackages:
  - cmd/kubeadm/app/apis/kubeadm
  - cmd/kubeadm/app/apis/kubeadm/v1alpha3
  - cmd/kubeadm/app/constants
  - pkg/apis/core
  - pkg/apis/core/v1/helper/qos
  - pkg/apis/scheduling
  - pkg/features
  - pkg/kubelet/apis/config
  - pkg/kubelet/apis/config/scheme
  - pkg/kubelet/apis/config/v1beta1
  - pkg/kubelet/qos
  - pkg/kubelet/types
  - pkg/master/ports
  - pkg/proxy/apis/config
  - pkg/proxy/apis/config/scheme
  - pkg/proxy/apis/config/v1alpha1
  - pkg/registry/core/service/allocator
  - pkg/registry/core/service/ipallocator
  - pkg/util/version
- name: k8s.io/utils
  version: 66066c83e385e385ccc3c964b44fd7dcd413d0ed
  subpackages:
  - clock
  - exec
  - exec/testing
  - pointer
testImports:
- name: github.com/stretchr/testify
  version: 69483b4bd14f5845b5a1e55bca19e954e827f1d0
  subpackages:
  - assert
