hash: 5bfe184d3254e3b8cb859d9aa742be93307a4715215d6531671c2c0baec9d972
updated: 2017-04-16T06:17:25.875782147-07:00
imports:
- name: github.com/appscode/api
  version: 3af1620ade6fe8672bcbdc45ea46e0d2b75147a6
  subpackages:
  - attic/v1beta1
  - auth/v1beta1
  - certificate/v1beta1
  - ci/v1beta1
  - credential/v1beta1
  - dtypes
  - health
  - kubernetes/v1beta1
  - kubernetes/v1beta2
  - mailinglist/v1beta1
  - namespace/v1beta1
  - operation/v1beta1
  - ssh/v1beta1
  - version
- name: github.com/appscode/errors
  version: 87fb529db75df5295ccccd15cb038587cd5a9dd2
- name: github.com/appscode/go
  version: bd371af23fb2398b60c065a9e07df5084422d6ad
  subpackages:
  - env
  - io
- name: github.com/appscode/go-term
  version: f3615b583144c395b1189d6a131b5023d276847c
- name: github.com/appscode/go-tracer
  version: 01dab6fa8d48a96bf54d07ee082b60bad8b44449
- name: github.com/appscode/log
  version: 68e0e42e42c01371f3950571fc87c2298a51dd8f
- name: github.com/davecgh/go-spew
  version: 3e6e67c4dcea3ac2f25fd4731abc0e1deaf36216
  subpackages:
  - spew
- name: github.com/facebookgo/stack
  version: 751773369052141c013c6e827a71e8f35c07879c
- name: github.com/fatih/color
  version: 9131ab34cf20d2f6d83fdc67168a5430d1c7dc23
- name: github.com/golang/glog
  version: 44145f04b68cf362d9c4df2182967c2275eaefed
- name: github.com/golang/protobuf
  version: 8ee79997227bf9b34611aee7946ae64735e6fd93
  subpackages:
  - jsonpb
  - proto
  - protoc-gen-go/descriptor
  - ptypes/any
- name: github.com/grpc-ecosystem/grpc-gateway
  version: 0e676c3b0e4440ef1434c621068aae02f30e81dd
  repo: https://github.com/appscode/grpc-gateway.git
  vcs: git
  subpackages:
  - runtime
  - runtime/internal
  - third_party/appscodeapis/appscode/api
  - utilities
- name: github.com/inconshreveable/mousetrap
  version: 76626ae9c91c4f2a10f34cad8ce83ea42c93bb75
- name: github.com/jpillora/go-ogle-analytics
  version: 14b04e0594ef6a9fd943363b135656f0ec8c9d0e
- name: github.com/mattn/go-colorable
  version: 5411d3eea5978e6cdc258b30de592b60df6aba96
  repo: https://github.com/mattn/go-colorable
- name: github.com/mattn/go-isatty
  version: 57fdcb988a5c543893cc61bce354a6e24ab70022
  repo: https://github.com/mattn/go-isatty
- name: github.com/mitchellh/go-homedir
  version: b8bc1bf767474819792c23f32d8286a45736f1c6
- name: github.com/pmezard/go-difflib
  version: 792786c7400a136282c1664665ae0a8db921c6c2
  subpackages:
  - difflib
- name: github.com/spf13/cobra
  version: 5deb57bbca49eb370538fc295ba4b2988f9f5e09
- name: github.com/spf13/pflag
  version: e453343e6260b4a3a89f1f0e10a2fbb07f8d9750
- name: github.com/xeipuuv/gojsonpointer
  version: e0fe6f68307607d540ed8eac07a342c33fa1b54a
- name: github.com/xeipuuv/gojsonreference
  version: e02fc20de94c78484cd5ffb007f8af96be030a45
- name: github.com/xeipuuv/gojsonschema
  version: 93e72a773fade158921402d6a24c819b48aba29d
- name: golang.org/x/net
  version: 5602c733f70afc6dcec6766be0d5034d4c4f14de
  subpackages:
  - context
  - http2
  - http2/hpack
  - idna
  - internal/timeseries
  - lex/httplex
  - trace
- name: golang.org/x/sys
  version: e24f485414aeafb646f6fca458b0bf869c0880a1
  repo: https://go.googlesource.com/sys
  subpackages:
  - unix
- name: golang.org/x/text
  version: f4b4367115ec2de254587813edaa901bc1c723a8
  subpackages:
  - secure/bidirule
  - transform
  - unicode/bidi
  - unicode/norm
- name: google.golang.org/genproto
  version: 411e09b969b1170a9f0c467558eb4c4c110d9c77
  subpackages:
  - googleapis/api/annotations
- name: google.golang.org/grpc
  version: 8050b9cbc271307e5a716a9d782803d09b0d6f2d
  subpackages:
  - codes
  - credentials
  - grpclog
  - internal
  - keepalive
  - metadata
  - naming
  - peer
  - stats
  - tap
  - transport
testImports:
- name: github.com/stretchr/testify
  version: 69483b4bd14f5845b5a1e55bca19e954e827f1d0
  subpackages:
  - assert
