hash: 6e59fef306e89173c482e256cbab299864a7891d0099cdf0f468c5050e8960b5
updated: 2017-05-10T08:31:28.198971617-07:00
imports:
- name: github.com/appscode/api
  version: 50fcce42b236af3765b08b020219744b782a2dba
  subpackages:
  - attic/v1beta1
  - auth/v1beta1
  - certificate/v1beta1
  - ci/v1beta1
  - credential/v1beta1
  - dtypes
  - health
  - kubernetes/v1beta1
  - kubernetes/v1beta2
  - mailinglist/v1beta1
  - namespace/v1beta1
  - operation/v1beta1
  - ssh/v1beta1
  - version
- name: github.com/appscode/errors
  version: 61db995d0bb9fc75cc7be1f772759a56e59ae4d3
- name: github.com/appscode/go
  version: 496a78e678c2a161788f53f94bdb0ab9c812231f
  subpackages:
  - env
  - io
- name: github.com/appscode/go-term
  version: cb6c56adde62eee8e6f74f1bd6b575469456fbcc
- name: github.com/appscode/go-tracer
  version: 01dab6fa8d48a96bf54d07ee082b60bad8b44449
- name: github.com/appscode/log
  version: 68e0e42e42c01371f3950571fc87c2298a51dd8f
- name: github.com/davecgh/go-spew
  version: 3e6e67c4dcea3ac2f25fd4731abc0e1deaf36216
  subpackages:
  - spew
- name: github.com/facebookgo/stack
  version: d9d227395bc3d7a635388c75b2e3b3a750e11888
- name: github.com/fatih/color
  version: 9aae6aaa22315390f03959adca2c4d395b02fcef
- name: github.com/golang/glog
  version: 44145f04b68cf362d9c4df2182967c2275eaefed
- name: github.com/golang/protobuf
  version: 8ee79997227bf9b34611aee7946ae64735e6fd93
  subpackages:
  - jsonpb
  - proto
  - protoc-gen-go/descriptor
  - ptypes/any
- name: github.com/grpc-ecosystem/grpc-gateway
  version: 6c3de148e0ee58664e370c84dfc6bb082de03cd6
  repo: https://github.com/appscode/grpc-gateway.git
  vcs: git
  subpackages:
  - runtime
  - runtime/internal
  - third_party/appscodeapis/appscode/api
  - utilities
- name: github.com/inconshreveable/mousetrap
  version: 76626ae9c91c4f2a10f34cad8ce83ea42c93bb75
- name: github.com/jpillora/go-ogle-analytics
  version: 2fcc54fe85cce40ab0d9ce84d974f3be9948b9c0
- name: github.com/mattn/go-colorable
  version: 3dac7b4f76f6e17fb39b768b89e3783d16e237fe
- name: github.com/mattn/go-isatty
  version: 56b76bdf51f7708750eac80fa38b952bb9f32639
- name: github.com/mitchellh/go-homedir
  version: d682a8f0cf139663a984ff12528da460ca963de9
- name: github.com/pmezard/go-difflib
  version: 792786c7400a136282c1664665ae0a8db921c6c2
  subpackages:
  - difflib
- name: github.com/spf13/cobra
  version: 1362f95a8d6fe330d00a64380d6e0b65f4992c72
- name: github.com/spf13/pflag
  version: e57e3eeb33f795204c1ca35f56c44f83227c6e66
- name: github.com/xeipuuv/gojsonpointer
  version: e0fe6f68307607d540ed8eac07a342c33fa1b54a
- name: github.com/xeipuuv/gojsonreference
  version: e02fc20de94c78484cd5ffb007f8af96be030a45
- name: github.com/xeipuuv/gojsonschema
  version: 93e72a773fade158921402d6a24c819b48aba29d
- name: golang.org/x/net
  version: da118f7b8e5954f39d0d2130ab35d4bf0e3cb344
  subpackages:
  - context
  - http2
  - http2/hpack
  - idna
  - internal/timeseries
  - lex/httplex
  - trace
- name: golang.org/x/sys
  version: 8f0908ab3b2457e2e15403d3697c9ef5cb4b57a9
  subpackages:
  - unix
- name: golang.org/x/text
  version: 470f45bf29f4147d6fbd7dfd0a02a848e49f5bf4
  subpackages:
  - secure/bidirule
  - transform
  - unicode/bidi
  - unicode/norm
- name: google.golang.org/genproto
  version: 411e09b969b1170a9f0c467558eb4c4c110d9c77
  subpackages:
  - googleapis/api/annotations
  - googleapis/rpc/code
  - googleapis/rpc/status
- name: google.golang.org/grpc
  version: d2e1b51f33ff8c5e4a15560ff049d200e83726c5
  subpackages:
  - codes
  - credentials
  - grpclb/grpc_lb_v1
  - grpclog
  - internal
  - keepalive
  - metadata
  - naming
  - peer
  - stats
  - status
  - tap
  - transport
testImports:
- name: github.com/stretchr/testify
  version: 69483b4bd14f5845b5a1e55bca19e954e827f1d0
  subpackages:
  - assert
